// !$*UTF8*$!
{
	archiveVersion = 1;
	classes = {
	};
	objectVersion = 56;
	objects = {

/* Begin PBXBuildFile section */
		371C4B122925144500EA9976 /* ManufacturerViewController.swift in Sources */ = {isa = PBXBuildFile; fileRef = 371C4B112925144500EA9976 /* ManufacturerViewController.swift */; };
		371C4B182925223000EA9976 /* ManufacturerCollectionViewCell.swift in Sources */ = {isa = PBXBuildFile; fileRef = 371C4B172925223000EA9976 /* ManufacturerCollectionViewCell.swift */; };
		3737F6542923A12B0031B83F /* AppDelegate.swift in Sources */ = {isa = PBXBuildFile; fileRef = 3737F6532923A12B0031B83F /* AppDelegate.swift */; };
		3737F6562923A12B0031B83F /* SceneDelegate.swift in Sources */ = {isa = PBXBuildFile; fileRef = 3737F6552923A12B0031B83F /* SceneDelegate.swift */; };
		3737F6582923A12B0031B83F /* ManufacturersViewController.swift in Sources */ = {isa = PBXBuildFile; fileRef = 3737F6572923A12B0031B83F /* ManufacturersViewController.swift */; };
		3737F65B2923A12B0031B83F /* Main.storyboard in Resources */ = {isa = PBXBuildFile; fileRef = 3737F6592923A12B0031B83F /* Main.storyboard */; };
		3737F65D2923A12D0031B83F /* Assets.xcassets in Resources */ = {isa = PBXBuildFile; fileRef = 3737F65C2923A12D0031B83F /* Assets.xcassets */; };
		3737F6602923A12D0031B83F /* LaunchScreen.storyboard in Resources */ = {isa = PBXBuildFile; fileRef = 3737F65E2923A12D0031B83F /* LaunchScreen.storyboard */; };
		3737F66B2923A32D0031B83F /* Models.swift in Sources */ = {isa = PBXBuildFile; fileRef = 3737F66A2923A32D0031B83F /* Models.swift */; };
		3737F66D2923A4360031B83F /* DevicesViewController.swift in Sources */ = {isa = PBXBuildFile; fileRef = 3737F66C2923A4360031B83F /* DevicesViewController.swift */; };
/* End PBXBuildFile section */

/* Begin PBXFileReference section */
		371C4B112925144500EA9976 /* ManufacturerViewController.swift */ = {isa = PBXFileReference; lastKnownFileType = sourcecode.swift; path = ManufacturerViewController.swift; sourceTree = "<group>"; };
		371C4B172925223000EA9976 /* ManufacturerCollectionViewCell.swift */ = {isa = PBXFileReference; lastKnownFileType = sourcecode.swift; path = ManufacturerCollectionViewCell.swift; sourceTree = "<group>"; };
		3737F6502923A12B0031B83F /* CoreDataDemo.app */ = {isa = PBXFileReference; explicitFileType = wrapper.application; includeInIndex = 0; path = CoreDataDemo.app; sourceTree = BUILT_PRODUCTS_DIR; };
		3737F6532923A12B0031B83F /* AppDelegate.swift */ = {isa = PBXFileReference; lastKnownFileType = sourcecode.swift; path = AppDelegate.swift; sourceTree = "<group>"; };
		3737F6552923A12B0031B83F /* SceneDelegate.swift */ = {isa = PBXFileReference; lastKnownFileType = sourcecode.swift; path = SceneDelegate.swift; sourceTree = "<group>"; };
		3737F6572923A12B0031B83F /* ManufacturersViewController.swift */ = {isa = PBXFileReference; lastKnownFileType = sourcecode.swift; path = ManufacturersViewController.swift; sourceTree = "<group>"; };
		3737F65A2923A12B0031B83F /* Base */ = {isa = PBXFileReference; lastKnownFileType = file.storyboard; name = Base; path = Base.lproj/Main.storyboard; sourceTree = "<group>"; };
		3737F65C2923A12D0031B83F /* Assets.xcassets */ = {isa = PBXFileReference; lastKnownFileType = folder.assetcatalog; path = Assets.xcassets; sourceTree = "<group>"; };
		3737F65F2923A12D0031B83F /* Base */ = {isa = PBXFileReference; lastKnownFileType = file.storyboard; name = Base; path = Base.lproj/LaunchScreen.storyboard; sourceTree = "<group>"; };
		3737F6612923A12D0031B83F /* Info.plist */ = {isa = PBXFileReference; lastKnownFileType = text.plist.xml; path = Info.plist; sourceTree = "<group>"; };
		3737F66A2923A32D0031B83F /* Models.swift */ = {isa = PBXFileReference; lastKnownFileType = sourcecode.swift; path = Models.swift; sourceTree = "<group>"; };
		3737F66C2923A4360031B83F /* DevicesViewController.swift */ = {isa = PBXFileReference; lastKnownFileType = sourcecode.swift; path = DevicesViewController.swift; sourceTree = "<group>"; };
/* End PBXFileReference section */

/* Begin PBXFrameworksBuildPhase section */
		3737F64D2923A12B0031B83F /* Frameworks */ = {
			isa = PBXFrameworksBuildPhase;
			buildActionMask = 2147483647;
			files = (
			);
			runOnlyForDeploymentPostprocessing = 0;
		};
/* End PBXFrameworksBuildPhase section */

/* Begin PBXGroup section */
		3737F6472923A12B0031B83F = {
			isa = PBXGroup;
			children = (
				3737F6522923A12B0031B83F /* CoreDataDemo */,
				3737F6512923A12B0031B83F /* Products */,
			);
			sourceTree = "<group>";
		};
		3737F6512923A12B0031B83F /* Products */ = {
			isa = PBXGroup;
			children = (
				3737F6502923A12B0031B83F /* CoreDataDemo.app */,
			);
			name = Products;
			sourceTree = "<group>";
		};
		3737F6522923A12B0031B83F /* CoreDataDemo */ = {
			isa = PBXGroup;
			children = (
				3737F6532923A12B0031B83F /* AppDelegate.swift */,
				3737F6552923A12B0031B83F /* SceneDelegate.swift */,
				3737F6572923A12B0031B83F /* ManufacturersViewController.swift */,
				371C4B172925223000EA9976 /* ManufacturerCollectionViewCell.swift */,
				371C4B112925144500EA9976 /* ManufacturerViewController.swift */,
				3737F66C2923A4360031B83F /* DevicesViewController.swift */,
				3737F6592923A12B0031B83F /* Main.storyboard */,
				3737F66A2923A32D0031B83F /* Models.swift */,
				3737F65C2923A12D0031B83F /* Assets.xcassets */,
				3737F65E2923A12D0031B83F /* LaunchScreen.storyboard */,
				3737F6612923A12D0031B83F /* Info.plist */,
			);
			path = CoreDataDemo;
			sourceTree = "<group>";
		};
/* End PBXGroup section */

/* Begin PBXNativeTarget section */
		3737F64F2923A12B0031B83F /* CoreDataDemo */ = {
			isa = PBXNativeTarget;
			buildConfigurationList = 3737F6642923A12D0031B83F /* Build configuration list for PBXNativeTarget "CoreDataDemo" */;
			buildPhases = (
				3737F64C2923A12B0031B83F /* Sources */,
				3737F64D2923A12B0031B83F /* Frameworks */,
				3737F64E2923A12B0031B83F /* Resources */,
			);
			buildRules = (
			);
			dependencies = (
			);
			name = CoreDataDemo;
			productName = CoreDataDemo;
			productReference = 3737F6502923A12B0031B83F /* CoreDataDemo.app */;
			productType = "com.apple.product-type.application";
		};
/* End PBXNativeTarget section */

/* Begin PBXProject section */
		3737F6482923A12B0031B83F /* Project object */ = {
			isa = PBXProject;
			attributes = {
				BuildIndependentTargetsInParallel = 1;
				LastSwiftUpdateCheck = 1400;
				LastUpgradeCheck = 1400;
				TargetAttributes = {
					3737F64F2923A12B0031B83F = {
						CreatedOnToolsVersion = 14.0;
					};
				};
			};
			buildConfigurationList = 3737F64B2923A12B0031B83F /* Build configuration list for PBXProject "CoreDataDemo" */;
			compatibilityVersion = "Xcode 14.0";
			developmentRegion = en;
			hasScannedForEncodings = 0;
			knownRegions = (
				en,
				Base,
			);
			mainGroup = 3737F6472923A12B0031B83F;
			productRefGroup = 3737F6512923A12B0031B83F /* Products */;
			projectDirPath = "";
			projectRoot = "";
			targets = (
				3737F64F2923A12B0031B83F /* CoreDataDemo */,
			);
		};
/* End PBXProject section */

/* Begin PBXResourcesBuildPhase section */
		3737F64E2923A12B0031B83F /* Resources */ = {
			isa = PBXResourcesBuildPhase;
			buildActionMask = 2147483647;
			files = (
				3737F6602923A12D0031B83F /* LaunchScreen.storyboard in Resources */,
				3737F65D2923A12D0031B83F /* Assets.xcassets in Resources */,
				3737F65B2923A12B0031B83F /* Main.storyboard in Resources */,
			);
			runOnlyForDeploymentPostprocessing = 0;
		};
/* End PBXResourcesBuildPhase section */

/* Begin PBXSourcesBuildPhase section */
		3737F64C2923A12B0031B83F /* Sources */ = {
			isa = PBXSourcesBuildPhase;
			buildActionMask = 2147483647;
			files = (
				371C4B122925144500EA9976 /* ManufacturerViewController.swift in Sources */,
				3737F6582923A12B0031B83F /* ManufacturersViewController.swift in Sources */,
				371C4B182925223000EA9976 /* ManufacturerCollectionViewCell.swift in Sources */,
				3737F6542923A12B0031B83F /* AppDelegate.swift in Sources */,
				3737F6562923A12B0031B83F /* SceneDelegate.swift in Sources */,
				3737F66D2923A4360031B83F /* DevicesViewController.swift in Sources */,
				3737F66B2923A32D0031B83F /* Models.swift in Sources */,
			);
			runOnlyForDeploymentPostprocessing = 0;
		};
/* End PBXSourcesBuildPhase section */

/* Begin PBXVariantGroup section */
		3737F6592923A12B0031B83F /* Main.storyboard */ = {
			isa = PBXVariantGroup;
			children = (
				3737F65A2923A12B0031B83F /* Base */,
			);
			name = Main.storyboard;
			sourceTree = "<group>";
		};
		3737F65E2923A12D0031B83F /* LaunchScreen.storyboard */ = {
			isa = PBXVariantGroup;
			children = (
				3737F65F2923A12D0031B83F /* Base */,
			);
			name = LaunchScreen.storyboard;
			sourceTree = "<group>";
		};
/* End PBXVariantGroup section */

/* Begin XCBuildConfiguration section */
		3737F6622923A12D0031B83F /* Debug */ = {
			isa = XCBuildConfiguration;
			buildSettings = {
				ALWAYS_SEARCH_USER_PATHS = NO;
				CLANG_ANALYZER_NONNULL = YES;
				CLANG_ANALYZER_NUMBER_OBJECT_CONVERSION = YES_AGGRESSIVE;
				CLANG_CXX_LANGUAGE_STANDARD = "gnu++20";
				CLANG_ENABLE_MODULES = YES;
				CLANG_ENABLE_OBJC_ARC = YES;
				CLANG_ENABLE_OBJC_WEAK = YES;
				CLANG_WARN_BLOCK_CAPTURE_AUTORELEASING = YES;
				CLANG_WARN_BOOL_CONVERSION = YES;
				CLANG_WARN_COMMA = YES;
				CLANG_WARN_CONSTANT_CONVERSION = YES;
				CLANG_WARN_DEPRECATED_OBJC_IMPLEMENTATIONS = YES;
				CLANG_WARN_DIRECT_OBJC_ISA_USAGE = YES_ERROR;
				CLANG_WARN_DOCUMENTATION_COMMENTS = YES;
				CLANG_WARN_EMPTY_BODY = YES;
				CLANG_WARN_ENUM_CONVERSION = YES;
				CLANG_WARN_INFINITE_RECURSION = YES;
				CLANG_WARN_INT_CONVERSION = YES;
				CLANG_WARN_NON_LITERAL_NULL_CONVERSION = YES;
				CLANG_WARN_OBJC_IMPLICIT_RETAIN_SELF = YES;
				CLANG_WARN_OBJC_LITERAL_CONVERSION = YES;
				CLANG_WARN_OBJC_ROOT_CLASS = YES_ERROR;
				CLANG_WARN_QUOTED_INCLUDE_IN_FRAMEWORK_HEADER = YES;
				CLANG_WARN_RANGE_LOOP_ANALYSIS = YES;
				CLANG_WARN_STRICT_PROTOTYPES = YES;
				CLANG_WARN_SUSPICIOUS_MOVE = YES;
				CLANG_WARN_UNGUARDED_AVAILABILITY = YES_AGGRESSIVE;
				CLANG_WARN_UNREACHABLE_CODE = YES;
				CLANG_WARN__DUPLICATE_METHOD_MATCH = YES;
				COPY_PHASE_STRIP = NO;
				DEBUG_INFORMATION_FORMAT = dwarf;
				ENABLE_STRICT_OBJC_MSGSEND = YES;
				ENABLE_TESTABILITY = YES;
				GCC_C_LANGUAGE_STANDARD = gnu11;
				GCC_DYNAMIC_NO_PIC = NO;
				GCC_NO_COMMON_BLOCKS = YES;
				GCC_OPTIMIZATION_LEVEL = 0;
				GCC_PREPROCESSOR_DEFINITIONS = (
					"DEBUG=1",
					"$(inherited)",
				);
				GCC_WARN_64_TO_32_BIT_CONVERSION = YES;
				GCC_WARN_ABOUT_RETURN_TYPE = YES_ERROR;
				GCC_WARN_UNDECLARED_SELECTOR = YES;
				GCC_WARN_UNINITIALIZED_AUTOS = YES_AGGRESSIVE;
				GCC_WARN_UNUSED_FUNCTION = YES;
				GCC_WARN_UNUSED_VARIABLE = YES;
				IPHONEOS_DEPLOYMENT_TARGET = 16.0;
				MTL_ENABLE_DEBUG_INFO = INCLUDE_SOURCE;
				MTL_FAST_MATH = YES;
				ONLY_ACTIVE_ARCH = YES;
				SDKROOT = iphoneos;
				SWIFT_ACTIVE_COMPILATION_CONDITIONS = DEBUG;
				SWIFT_OPTIMIZATION_LEVEL = "-Onone";
			};
			name = Debug;
		};
		3737F6632923A12D0031B83F /* Release */ = {
			isa = XCBuildConfiguration;
			buildSettings = {
				ALWAYS_SEARCH_USER_PATHS = NO;
				CLANG_ANALYZER_NONNULL = YES;
				CLANG_ANALYZER_NUMBER_OBJECT_CONVERSION = YES_AGGRESSIVE;
				CLANG_CXX_LANGUAGE_STANDARD = "gnu++20";
				CLANG_ENABLE_MODULES = YES;
				CLANG_ENABLE_OBJC_ARC = YES;
				CLANG_ENABLE_OBJC_WEAK = YES;
				CLANG_WARN_BLOCK_CAPTURE_AUTORELEASING = YES;
				CLANG_WARN_BOOL_CONVERSION = YES;
				CLANG_WARN_COMMA = YES;
				CLANG_WARN_CONSTANT_CONVERSION = YES;
				CLANG_WARN_DEPRECATED_OBJC_IMPLEMENTATIONS = YES;
				CLANG_WARN_DIRECT_OBJC_ISA_USAGE = YES_ERROR;
				CLANG_WARN_DOCUMENTATION_COMMENTS = YES;
				CLANG_WARN_EMPTY_BODY = YES;
				CLANG_WARN_ENUM_CONVERSION = YES;
				CLANG_WARN_INFINITE_RECURSION = YES;
				CLANG_WARN_INT_CONVERSION = YES;
				CLANG_WARN_NON_LITERAL_NULL_CONVERSION = YES;
				CLANG_WARN_OBJC_IMPLICIT_RETAIN_SELF = YES;
				CLANG_WARN_OBJC_LITERAL_CONVERSION = YES;
				CLANG_WARN_OBJC_ROOT_CLASS = YES_ERROR;
				CLANG_WARN_QUOTED_INCLUDE_IN_FRAMEWORK_HEADER = YES;
				CLANG_WARN_RANGE_LOOP_ANALYSIS = YES;
				CLANG_WARN_STRICT_PROTOTYPES = YES;
				CLANG_WARN_SUSPICIOUS_MOVE = YES;
				CLANG_WARN_UNGUARDED_AVAILABILITY = YES_AGGRESSIVE;
				CLANG_WARN_UNREACHABLE_CODE = YES;
				CLANG_WARN__DUPLICATE_METHOD_MATCH = YES;
				COPY_PHASE_STRIP = NO;
				DEBUG_INFORMATION_FORMAT = "dwarf-with-dsym";
				ENABLE_NS_ASSERTIONS = NO;
				ENABLE_STRICT_OBJC_MSGSEND = YES;
				GCC_C_LANGUAGE_STANDARD = gnu11;
				GCC_NO_COMMON_BLOCKS = YES;
				GCC_WARN_64_TO_32_BIT_CONVERSION = YES;
				GCC_WARN_ABOUT_RETURN_TYPE = YES_ERROR;
				GCC_WARN_UNDECLARED_SELECTOR = YES;
				GCC_WARN_UNINITIALIZED_AUTOS = YES_AGGRESSIVE;
				GCC_WARN_UNUSED_FUNCTION = YES;
				GCC_WARN_UNUSED_VARIABLE = YES;
				IPHONEOS_DEPLOYMENT_TARGET = 16.0;
				MTL_ENABLE_DEBUG_INFO = NO;
				MTL_FAST_MATH = YES;
				SDKROOT = iphoneos;
				SWIFT_COMPILATION_MODE = wholemodule;
				SWIFT_OPTIMIZATION_LEVEL = "-O";
				VALIDATE_PRODUCT = YES;
			};
			name = Release;
		};
		3737F6652923A12D0031B83F /* Debug */ = {
			isa = XCBuildConfiguration;
			buildSettings = {
				ASSETCATALOG_COMPILER_APPICON_NAME = AppIcon;
				ASSETCATALOG_COMPILER_GLOBAL_ACCENT_COLOR_NAME = AccentColor;
				CODE_SIGN_STYLE = Automatic;
				CURRENT_PROJECT_VERSION = 1;
				DEVELOPMENT_TEAM = AQ42MPK6MX;
				GENERATE_INFOPLIST_FILE = YES;
				INFOPLIST_FILE = CoreDataDemo/Info.plist;
				INFOPLIST_KEY_UIApplicationSupportsIndirectInputEvents = YES;
				INFOPLIST_KEY_UILaunchStoryboardName = LaunchScreen;
				INFOPLIST_KEY_UIMainStoryboardFile = Main;
				INFOPLIST_KEY_UISupportedInterfaceOrientations_iPad = "UIInterfaceOrientationPortrait UIInterfaceOrientationPortraitUpsideDown UIInterfaceOrientationLandscapeLeft UIInterfaceOrientationLandscapeRight";
				INFOPLIST_KEY_UISupportedInterfaceOrientations_iPhone = "UIInterfaceOrientationPortrait UIInterfaceOrientationLandscapeLeft UIInterfaceOrientationLandscapeRight";
				LD_RUNPATH_SEARCH_PATHS = (
					"$(inherited)",
					"@executable_path/Frameworks",
				);
				MARKETING_VERSION = 1.0;
				PRODUCT_BUNDLE_IDENTIFIER = com.tsaidov.CoreDataDemo;
				PRODUCT_NAME = "$(TARGET_NAME)";
				SWIFT_EMIT_LOC_STRINGS = YES;
				SWIFT_VERSION = 5.0;
				TARGETED_DEVICE_FAMILY = "1,2";
			};
			name = Debug;
		};
		3737F6662923A12D0031B83F /* Release */ = {
			isa = XCBuildConfiguration;
			buildSettings = {
				ASSETCATALOG_COMPILER_APPICON_NAME = AppIcon;
				ASSETCATALOG_COMPILER_GLOBAL_ACCENT_COLOR_NAME = AccentColor;
				CODE_SIGN_STYLE = Automatic;
				CURRENT_PROJECT_VERSION = 1;
				DEVELOPMENT_TEAM = AQ42MPK6MX;
				GENERATE_INFOPLIST_FILE = YES;
				INFOPLIST_FILE = CoreDataDemo/Info.plist;
				INFOPLIST_KEY_UIApplicationSupportsIndirectInputEvents = YES;
				INFOPLIST_KEY_UILaunchStoryboardName = LaunchScreen;
				INFOPLIST_KEY_UIMainStoryboardFile = Main;
				INFOPLIST_KEY_UISupportedInterfaceOrientations_iPad = "UIInterfaceOrientationPortrait UIInterfaceOrientationPortraitUpsideDown UIInterfaceOrientationLandscapeLeft UIInterfaceOrientationLandscapeRight";
				INFOPLIST_KEY_UISupportedInterfaceOrientations_iPhone = "UIInterfaceOrientationPortrait UIInterfaceOrientationLandscapeLeft UIInterfaceOrientationLandscapeRight";
				LD_RUNPATH_SEARCH_PATHS = (
					"$(inherited)",
					"@executable_path/Frameworks",
				);
				MARKETING_VERSION = 1.0;
				PRODUCT_BUNDLE_IDENTIFIER = com.tsaidov.CoreDataDemo;
				PRODUCT_NAME = "$(TARGET_NAME)";
				SWIFT_EMIT_LOC_STRINGS = YES;
				SWIFT_VERSION = 5.0;
				TARGETED_DEVICE_FAMILY = "1,2";
			};
			name = Release;
		};
/* End XCBuildConfiguration section */

/* Begin XCConfigurationList section */
		3737F64B2923A12B0031B83F /* Build configuration list for PBXProject "CoreDataDemo" */ = {
			isa = XCConfigurationList;
			buildConfigurations = (
				3737F6622923A12D0031B83F /* Debug */,
				3737F6632923A12D0031B83F /* Release */,
			);
			defaultConfigurationIsVisible = 0;
			defaultConfigurationName = Release;
		};
		3737F6642923A12D0031B83F /* Build configuration list for PBXNativeTarget "CoreDataDemo" */ = {
			isa = XCConfigurationList;
			buildConfigurations = (
				3737F6652923A12D0031B83F /* Debug */,
				3737F6662923A12D0031B83F /* Release */,
			);
			defaultConfigurationIsVisible = 0;
			defaultConfigurationName = Release;
		};
/* End XCConfigurationList section */
	};
	rootObject = 3737F6482923A12B0031B83F /* Project object */;
}
